
Microsoft Visual Studio Solution File, Format Version 12.00
# Visual Studio Version 17
VisualStudioVersion = 17.14.36811.4 d17.14
MinimumVisualStudioVersion = 10.0.40219.1
Project("{FAE04EC0-301F-11D3-BF4B-00C04F79EFBC}") = "variable", "variable\variable.csproj", "{1389E430-4C05-47F8-9234-0D764DEFF5DB}"
EndProject
Global
	GlobalSection(SolutionConfigurationPlatforms) = preSolution
		Debug|Any CPU = Debug|Any CPU
		Release|Any CPU = Release|Any CPU
	EndGlobalSection
	GlobalSection(ProjectConfigurationPlatforms) = postSolution
		{1389E430-4C05-47F8-9234-0D764DEFF5DB}.Debug|Any CPU.ActiveCfg = Debug|Any CPU
		{1389E430-4C05-47F8-9234-0D764DEFF5DB}.Debug|Any CPU.Build.0 = Debug|Any CPU
		{1389E430-4C05-47F8-9234-0D764DEFF5DB}.Release|Any CPU.ActiveCfg = Release|Any CPU
		{1389E430-4C05-47F8-9234-0D764DEFF5DB}.Release|Any CPU.Build.0 = Release|Any CPU
	EndGlobalSection
	GlobalSection(SolutionProperties) = preSolution
		HideSolutionNode = FALSE
	EndGlobalSection
	GlobalSection(ExtensibilityGlobals) = postSolution
		SolutionGuid = {13AF0041-5B81-4BEB-9311-CDD5EAEB7741}
	EndGlobalSection
EndGlobal
