
Microsoft Visual Studio Solution File, Format Version 12.00
# Visual Studio Version 17
VisualStudioVersion = 17.14.36811.4 d17.14
MinimumVisualStudioVersion = 10.0.40219.1
Project("{FAE04EC0-301F-11D3-BF4B-00C04F79EFBC}") = "array_console_play", "array_console_play\array_console_play.csproj", "{D7CEE1A8-3469-46BA-950B-518735F2330B}"
EndProject
Global
	GlobalSection(SolutionConfigurationPlatforms) = preSolution
		Debug|Any CPU = Debug|Any CPU
		Release|Any CPU = Release|Any CPU
	EndGlobalSection
	GlobalSection(ProjectConfigurationPlatforms) = postSolution
		{D7CEE1A8-3469-46BA-950B-518735F2330B}.Debug|Any CPU.ActiveCfg = Debug|Any CPU
		{D7CEE1A8-3469-46BA-950B-518735F2330B}.Debug|Any CPU.Build.0 = Debug|Any CPU
		{D7CEE1A8-3469-46BA-950B-518735F2330B}.Release|Any CPU.ActiveCfg = Release|Any CPU
		{D7CEE1A8-3469-46BA-950B-518735F2330B}.Release|Any CPU.Build.0 = Release|Any CPU
	EndGlobalSection
	GlobalSection(SolutionProperties) = preSolution
		HideSolutionNode = FALSE
	EndGlobalSection
	GlobalSection(ExtensibilityGlobals) = postSolution
		SolutionGuid = {F5A2BFB2-0B19-4ECC-AC7A-A8D598B6BAE6}
	EndGlobalSection
EndGlobal
