
Microsoft Visual Studio Solution File, Format Version 12.00
# Visual Studio Version 17
VisualStudioVersion = 17.14.36811.4 d17.14
MinimumVisualStudioVersion = 10.0.40219.1
Project("{FAE04EC0-301F-11D3-BF4B-00C04F79EFBC}") = "5. 형식이 같은 변수 여러 개", "5. 형식이 같은 변수 여러 개\5. 형식이 같은 변수 여러 개.csproj", "{1EE9C11B-39EC-4F2C-9A84-DB0FD0DCD920}"
EndProject
Global
	GlobalSection(SolutionConfigurationPlatforms) = preSolution
		Debug|Any CPU = Debug|Any CPU
		Release|Any CPU = Release|Any CPU
	EndGlobalSection
	GlobalSection(ProjectConfigurationPlatforms) = postSolution
		{1EE9C11B-39EC-4F2C-9A84-DB0FD0DCD920}.Debug|Any CPU.ActiveCfg = Debug|Any CPU
		{1EE9C11B-39EC-4F2C-9A84-DB0FD0DCD920}.Debug|Any CPU.Build.0 = Debug|Any CPU
		{1EE9C11B-39EC-4F2C-9A84-DB0FD0DCD920}.Release|Any CPU.ActiveCfg = Release|Any CPU
		{1EE9C11B-39EC-4F2C-9A84-DB0FD0DCD920}.Release|Any CPU.Build.0 = Release|Any CPU
	EndGlobalSection
	GlobalSection(SolutionProperties) = preSolution
		HideSolutionNode = FALSE
	EndGlobalSection
	GlobalSection(ExtensibilityGlobals) = postSolution
		SolutionGuid = {E158492C-7DF5-4012-BB9D-3C01AD2C68C9}
	EndGlobalSection
EndGlobal
