
Microsoft Visual Studio Solution File, Format Version 12.00
# Visual Studio Version 17
VisualStudioVersion = 17.14.36811.4 d17.14
MinimumVisualStudioVersion = 10.0.40219.1
Project("{FAE04EC0-301F-11D3-BF4B-00C04F79EFBC}") = "textRPG", "textRPG\textRPG.csproj", "{1A6F9005-35C4-473C-8396-4F532F69AEE1}"
EndProject
Global
	GlobalSection(SolutionConfigurationPlatforms) = preSolution
		Debug|Any CPU = Debug|Any CPU
		Release|Any CPU = Release|Any CPU
	EndGlobalSection
	GlobalSection(ProjectConfigurationPlatforms) = postSolution
		{1A6F9005-35C4-473C-8396-4F532F69AEE1}.Debug|Any CPU.ActiveCfg = Debug|Any CPU
		{1A6F9005-35C4-473C-8396-4F532F69AEE1}.Debug|Any CPU.Build.0 = Debug|Any CPU
		{1A6F9005-35C4-473C-8396-4F532F69AEE1}.Release|Any CPU.ActiveCfg = Release|Any CPU
		{1A6F9005-35C4-473C-8396-4F532F69AEE1}.Release|Any CPU.Build.0 = Release|Any CPU
	EndGlobalSection
	GlobalSection(SolutionProperties) = preSolution
		HideSolutionNode = FALSE
	EndGlobalSection
	GlobalSection(ExtensibilityGlobals) = postSolution
		SolutionGuid = {202A701D-5E1F-411B-8E1C-1DB44C1B12C3}
	EndGlobalSection
EndGlobal
